
Microsoft Visual Studio Solution File, Format Version 12.00
# Visual Studio Version 17
VisualStudioVersion = 17.10.35122.118
MinimumVisualStudioVersion = 10.0.40219.1
Project("{FAE04EC0-301F-11D3-BF4B-00C04F79EFBC}") = "calculator app", "calculator app.csproj", "{8E60995D-7C80-451E-B4B5-AB7DF025CBE7}"
EndProject
Global
	GlobalSection(SolutionConfigurationPlatforms) = preSolution
		Debug|Any CPU = Debug|Any CPU
		Release|Any CPU = Release|Any CPU
	EndGlobalSection
	GlobalSection(ProjectConfigurationPlatforms) = postSolution
		{8E60995D-7C80-451E-B4B5-AB7DF025CBE7}.Debug|Any CPU.ActiveCfg = Debug|Any CPU
		{8E60995D-7C80-451E-B4B5-AB7DF025CBE7}.Debug|Any CPU.Build.0 = Debug|Any CPU
		{8E60995D-7C80-451E-B4B5-AB7DF025CBE7}.Release|Any CPU.ActiveCfg = Release|Any CPU
		{8E60995D-7C80-451E-B4B5-AB7DF025CBE7}.Release|Any CPU.Build.0 = Release|Any CPU
	EndGlobalSection
	GlobalSection(SolutionProperties) = preSolution
		HideSolutionNode = FALSE
	EndGlobalSection
	GlobalSection(ExtensibilityGlobals) = postSolution
		SolutionGuid = {3C02A0CF-48B0-4244-90C6-466D8CB3A2EE}
	EndGlobalSection
EndGlobal
